
Microsoft Visual Studio Solution File, Format Version 12.00
# Visual Studio 15
VisualStudioVersion = 15.0.28307.271
MinimumVisualStudioVersion = 10.0.40219.1
Project("{FAE04EC0-301F-11D3-BF4B-00C04F79EFBC}") = "CricStats", "CricStats\CricStats.csproj", "{0E76B5D8-F41E-46EB-9CEC-23CDBD56B1DC}"
EndProject
Project("{FAE04EC0-301F-11D3-BF4B-00C04F79EFBC}") = "CricStats.Models", "CricStats.Models\CricStats.Models.csproj", "{720CE924-BEA2-4400-9430-4ACA00F766B4}"
EndProject
Project("{FAE04EC0-301F-11D3-BF4B-00C04F79EFBC}") = "CricStats.BLL", "CricStats.BLL\CricStats.BLL.csproj", "{96F2FC5B-E915-4F99-B369-A3109BAFE4A1}"
EndProject
Project("{FAE04EC0-301F-11D3-BF4B-00C04F79EFBC}") = "CricStats.DAL", "CricStats.DAL\CricStats.DAL.csproj", "{65F758AA-65B8-41A5-9A51-3F853A07762D}"
EndProject
Project("{FAE04EC0-301F-11D3-BF4B-00C04F79EFBC}") = "UnitTestProject1", "UnitTestProject1\UnitTestProject1.csproj", "{5307BAF7-02B7-40D8-A07E-6F07674F3886}"
EndProject
Global
	GlobalSection(SolutionConfigurationPlatforms) = preSolution
		Debug|Any CPU = Debug|Any CPU
		Release|Any CPU = Release|Any CPU
	EndGlobalSection
	GlobalSection(ProjectConfigurationPlatforms) = postSolution
		{0E76B5D8-F41E-46EB-9CEC-23CDBD56B1DC}.Debug|Any CPU.ActiveCfg = Debug|Any CPU
		{0E76B5D8-F41E-46EB-9CEC-23CDBD56B1DC}.Debug|Any CPU.Build.0 = Debug|Any CPU
		{0E76B5D8-F41E-46EB-9CEC-23CDBD56B1DC}.Release|Any CPU.ActiveCfg = Release|Any CPU
		{0E76B5D8-F41E-46EB-9CEC-23CDBD56B1DC}.Release|Any CPU.Build.0 = Release|Any CPU
		{720CE924-BEA2-4400-9430-4ACA00F766B4}.Debug|Any CPU.ActiveCfg = Debug|Any CPU
		{720CE924-BEA2-4400-9430-4ACA00F766B4}.Debug|Any CPU.Build.0 = Debug|Any CPU
		{720CE924-BEA2-4400-9430-4ACA00F766B4}.Release|Any CPU.ActiveCfg = Release|Any CPU
		{720CE924-BEA2-4400-9430-4ACA00F766B4}.Release|Any CPU.Build.0 = Release|Any CPU
		{96F2FC5B-E915-4F99-B369-A3109BAFE4A1}.Debug|Any CPU.ActiveCfg = Debug|Any CPU
		{96F2FC5B-E915-4F99-B369-A3109BAFE4A1}.Debug|Any CPU.Build.0 = Debug|Any CPU
		{96F2FC5B-E915-4F99-B369-A3109BAFE4A1}.Release|Any CPU.ActiveCfg = Release|Any CPU
		{96F2FC5B-E915-4F99-B369-A3109BAFE4A1}.Release|Any CPU.Build.0 = Release|Any CPU
		{65F758AA-65B8-41A5-9A51-3F853A07762D}.Debug|Any CPU.ActiveCfg = Debug|Any CPU
		{65F758AA-65B8-41A5-9A51-3F853A07762D}.Debug|Any CPU.Build.0 = Debug|Any CPU
		{65F758AA-65B8-41A5-9A51-3F853A07762D}.Release|Any CPU.ActiveCfg = Release|Any CPU
		{65F758AA-65B8-41A5-9A51-3F853A07762D}.Release|Any CPU.Build.0 = Release|Any CPU
		{5307BAF7-02B7-40D8-A07E-6F07674F3886}.Debug|Any CPU.ActiveCfg = Debug|Any CPU
		{5307BAF7-02B7-40D8-A07E-6F07674F3886}.Debug|Any CPU.Build.0 = Debug|Any CPU
		{5307BAF7-02B7-40D8-A07E-6F07674F3886}.Release|Any CPU.ActiveCfg = Release|Any CPU
		{5307BAF7-02B7-40D8-A07E-6F07674F3886}.Release|Any CPU.Build.0 = Release|Any CPU
	EndGlobalSection
	GlobalSection(SolutionProperties) = preSolution
		HideSolutionNode = FALSE
	EndGlobalSection
	GlobalSection(ExtensibilityGlobals) = postSolution
		SolutionGuid = {00F2C989-9D69-4A4A-B758-4943E90C3EF8}
	EndGlobalSection
EndGlobal
